
Microsoft Visual Studio Solution File, Format Version 12.00
# Visual Studio Version 17
VisualStudioVersion = 17.7.33711.374
MinimumVisualStudioVersion = 10.0.40219.1
Project("{FAE04EC0-301F-11D3-BF4B-00C04F79EFBC}") = "Branches_task", "Branches_task\Branches_task.csproj", "{60E68D30-CF4B-40D6-8B86-2DC1143D0D7A}"
EndProject
Global
	GlobalSection(SolutionConfigurationPlatforms) = preSolution
		Debug|Any CPU = Debug|Any CPU
		Release|Any CPU = Release|Any CPU
	EndGlobalSection
	GlobalSection(ProjectConfigurationPlatforms) = postSolution
		{60E68D30-CF4B-40D6-8B86-2DC1143D0D7A}.Debug|Any CPU.ActiveCfg = Debug|Any CPU
		{60E68D30-CF4B-40D6-8B86-2DC1143D0D7A}.Debug|Any CPU.Build.0 = Debug|Any CPU
		{60E68D30-CF4B-40D6-8B86-2DC1143D0D7A}.Release|Any CPU.ActiveCfg = Release|Any CPU
		{60E68D30-CF4B-40D6-8B86-2DC1143D0D7A}.Release|Any CPU.Build.0 = Release|Any CPU
	EndGlobalSection
	GlobalSection(SolutionProperties) = preSolution
		HideSolutionNode = FALSE
	EndGlobalSection
	GlobalSection(ExtensibilityGlobals) = postSolution
		SolutionGuid = {231F4DFC-5A44-4366-9250-4D7532573F3C}
	EndGlobalSection
EndGlobal
